
Microsoft Visual Studio Solution File, Format Version 12.00
# Visual Studio Version 16
VisualStudioVersion = 16.0.29806.167
MinimumVisualStudioVersion = 10.0.40219.1
Project("{FAE04EC0-301F-11D3-BF4B-00C04F79EFBC}") = "SimpleRegisterationPractice", "SimpleRegisterationPractice\SimpleRegisterationPractice.csproj", "{7A29CA90-B547-49EC-A6B7-9CC1BCFB6864}"
EndProject
Global
	GlobalSection(SolutionConfigurationPlatforms) = preSolution
		Debug|Any CPU = Debug|Any CPU
		Release|Any CPU = Release|Any CPU
	EndGlobalSection
	GlobalSection(ProjectConfigurationPlatforms) = postSolution
		{7A29CA90-B547-49EC-A6B7-9CC1BCFB6864}.Debug|Any CPU.ActiveCfg = Debug|Any CPU
		{7A29CA90-B547-49EC-A6B7-9CC1BCFB6864}.Debug|Any CPU.Build.0 = Debug|Any CPU
		{7A29CA90-B547-49EC-A6B7-9CC1BCFB6864}.Release|Any CPU.ActiveCfg = Release|Any CPU
		{7A29CA90-B547-49EC-A6B7-9CC1BCFB6864}.Release|Any CPU.Build.0 = Release|Any CPU
	EndGlobalSection
	GlobalSection(SolutionProperties) = preSolution
		HideSolutionNode = FALSE
	EndGlobalSection
	GlobalSection(ExtensibilityGlobals) = postSolution
		SolutionGuid = {521EF38D-7557-4C03-AB15-D3C5A239C89D}
	EndGlobalSection
EndGlobal
