
Microsoft Visual Studio Solution File, Format Version 12.00
# Visual Studio 14
VisualStudioVersion = 14.0.23107.0
MinimumVisualStudioVersion = 10.0.40219.1
Project("{FAE04EC0-301F-11D3-BF4B-00C04F79EFBC}") = "Assignment_prog4", "Assignment_prog4\Assignment_prog4.csproj", "{6EC01973-F7FD-4FC0-9C17-1C685154A7BC}"
EndProject
Project("{FAE04EC0-301F-11D3-BF4B-00C04F79EFBC}") = "space", "space\space.csproj", "{2D2261F9-4D86-467C-A8C9-72A046110336}"
EndProject
Global
	GlobalSection(SolutionConfigurationPlatforms) = preSolution
		Debug|Any CPU = Debug|Any CPU
		Release|Any CPU = Release|Any CPU
	EndGlobalSection
	GlobalSection(ProjectConfigurationPlatforms) = postSolution
		{6EC01973-F7FD-4FC0-9C17-1C685154A7BC}.Debug|Any CPU.ActiveCfg = Debug|Any CPU
		{6EC01973-F7FD-4FC0-9C17-1C685154A7BC}.Debug|Any CPU.Build.0 = Debug|Any CPU
		{6EC01973-F7FD-4FC0-9C17-1C685154A7BC}.Release|Any CPU.ActiveCfg = Release|Any CPU
		{6EC01973-F7FD-4FC0-9C17-1C685154A7BC}.Release|Any CPU.Build.0 = Release|Any CPU
		{2D2261F9-4D86-467C-A8C9-72A046110336}.Debug|Any CPU.ActiveCfg = Debug|Any CPU
		{2D2261F9-4D86-467C-A8C9-72A046110336}.Debug|Any CPU.Build.0 = Debug|Any CPU
		{2D2261F9-4D86-467C-A8C9-72A046110336}.Release|Any CPU.ActiveCfg = Release|Any CPU
		{2D2261F9-4D86-467C-A8C9-72A046110336}.Release|Any CPU.Build.0 = Release|Any CPU
	EndGlobalSection
	GlobalSection(SolutionProperties) = preSolution
		HideSolutionNode = FALSE
	EndGlobalSection
EndGlobal
