
Microsoft Visual Studio Solution File, Format Version 12.00
# Visual Studio 14
VisualStudioVersion = 14.0.23107.0
MinimumVisualStudioVersion = 10.0.40219.1
Project("{FAE04EC0-301F-11D3-BF4B-00C04F79EFBC}") = "Exception_handling", "Exception_handling\Exception_handling.csproj", "{6C493235-4001-4611-AD54-BFFE8FDFD755}"
EndProject
Global
	GlobalSection(SolutionConfigurationPlatforms) = preSolution
		Debug|Any CPU = Debug|Any CPU
		Release|Any CPU = Release|Any CPU
	EndGlobalSection
	GlobalSection(ProjectConfigurationPlatforms) = postSolution
		{6C493235-4001-4611-AD54-BFFE8FDFD755}.Debug|Any CPU.ActiveCfg = Debug|Any CPU
		{6C493235-4001-4611-AD54-BFFE8FDFD755}.Debug|Any CPU.Build.0 = Debug|Any CPU
		{6C493235-4001-4611-AD54-BFFE8FDFD755}.Release|Any CPU.ActiveCfg = Release|Any CPU
		{6C493235-4001-4611-AD54-BFFE8FDFD755}.Release|Any CPU.Build.0 = Release|Any CPU
	EndGlobalSection
	GlobalSection(SolutionProperties) = preSolution
		HideSolutionNode = FALSE
	EndGlobalSection
EndGlobal
