
Microsoft Visual Studio Solution File, Format Version 12.00
# Visual Studio 14
VisualStudioVersion = 14.0.23107.0
MinimumVisualStudioVersion = 10.0.40219.1
Project("{FAE04EC0-301F-11D3-BF4B-00C04F79EFBC}") = "KhanSirAssign14", "KhanSirAssign14\KhanSirAssign14.csproj", "{3AF2C83D-CAB9-4531-B23F-CE079E8EFEBD}"
EndProject
Global
	GlobalSection(SolutionConfigurationPlatforms) = preSolution
		Debug|Any CPU = Debug|Any CPU
		Release|Any CPU = Release|Any CPU
	EndGlobalSection
	GlobalSection(ProjectConfigurationPlatforms) = postSolution
		{3AF2C83D-CAB9-4531-B23F-CE079E8EFEBD}.Debug|Any CPU.ActiveCfg = Debug|Any CPU
		{3AF2C83D-CAB9-4531-B23F-CE079E8EFEBD}.Debug|Any CPU.Build.0 = Debug|Any CPU
		{3AF2C83D-CAB9-4531-B23F-CE079E8EFEBD}.Release|Any CPU.ActiveCfg = Release|Any CPU
		{3AF2C83D-CAB9-4531-B23F-CE079E8EFEBD}.Release|Any CPU.Build.0 = Release|Any CPU
	EndGlobalSection
	GlobalSection(SolutionProperties) = preSolution
		HideSolutionNode = FALSE
	EndGlobalSection
EndGlobal
