
Microsoft Visual Studio Solution File, Format Version 12.00
# Visual Studio Version 16
VisualStudioVersion = 16.0.29806.167
MinimumVisualStudioVersion = 10.0.40219.1
Project("{FAE04EC0-301F-11D3-BF4B-00C04F79EFBC}") = "TestProgram2", "TestProgram2\TestProgram2.csproj", "{36FB514E-5041-478C-A810-1C71F13C8882}"
EndProject
Global
	GlobalSection(SolutionConfigurationPlatforms) = preSolution
		Debug|Any CPU = Debug|Any CPU
		Release|Any CPU = Release|Any CPU
	EndGlobalSection
	GlobalSection(ProjectConfigurationPlatforms) = postSolution
		{36FB514E-5041-478C-A810-1C71F13C8882}.Debug|Any CPU.ActiveCfg = Debug|Any CPU
		{36FB514E-5041-478C-A810-1C71F13C8882}.Debug|Any CPU.Build.0 = Debug|Any CPU
		{36FB514E-5041-478C-A810-1C71F13C8882}.Release|Any CPU.ActiveCfg = Release|Any CPU
		{36FB514E-5041-478C-A810-1C71F13C8882}.Release|Any CPU.Build.0 = Release|Any CPU
	EndGlobalSection
	GlobalSection(SolutionProperties) = preSolution
		HideSolutionNode = FALSE
	EndGlobalSection
	GlobalSection(ExtensibilityGlobals) = postSolution
		SolutionGuid = {835CDED6-1B61-4A5C-892A-56AA40AA67FB}
	EndGlobalSection
EndGlobal
