
Microsoft Visual Studio Solution File, Format Version 12.00
# Visual Studio Version 16
VisualStudioVersion = 16.0.29806.167
MinimumVisualStudioVersion = 10.0.40219.1
Project("{FAE04EC0-301F-11D3-BF4B-00C04F79EFBC}") = "Collection_classes", "Collection_classes\Collection_classes.csproj", "{02E7ABF1-6913-45ED-AC17-07002F5EFA74}"
EndProject
Global
	GlobalSection(SolutionConfigurationPlatforms) = preSolution
		Debug|Any CPU = Debug|Any CPU
		Release|Any CPU = Release|Any CPU
	EndGlobalSection
	GlobalSection(ProjectConfigurationPlatforms) = postSolution
		{02E7ABF1-6913-45ED-AC17-07002F5EFA74}.Debug|Any CPU.ActiveCfg = Debug|Any CPU
		{02E7ABF1-6913-45ED-AC17-07002F5EFA74}.Debug|Any CPU.Build.0 = Debug|Any CPU
		{02E7ABF1-6913-45ED-AC17-07002F5EFA74}.Release|Any CPU.ActiveCfg = Release|Any CPU
		{02E7ABF1-6913-45ED-AC17-07002F5EFA74}.Release|Any CPU.Build.0 = Release|Any CPU
	EndGlobalSection
	GlobalSection(SolutionProperties) = preSolution
		HideSolutionNode = FALSE
	EndGlobalSection
	GlobalSection(ExtensibilityGlobals) = postSolution
		SolutionGuid = {53D32862-5CCD-4B04-A72D-B42751F4F724}
	EndGlobalSection
EndGlobal
