
Microsoft Visual Studio Solution File, Format Version 12.00
# Visual Studio Version 16
VisualStudioVersion = 16.0.29806.167
MinimumVisualStudioVersion = 10.0.40219.1
Project("{FAE04EC0-301F-11D3-BF4B-00C04F79EFBC}") = "TestProgram2", "TestProgram2\TestProgram2.csproj", "{FE8DCF79-DF1E-4020-BF88-DFFE282CF9A7}"
EndProject
Global
	GlobalSection(SolutionConfigurationPlatforms) = preSolution
		Debug|Any CPU = Debug|Any CPU
		Release|Any CPU = Release|Any CPU
	EndGlobalSection
	GlobalSection(ProjectConfigurationPlatforms) = postSolution
		{FE8DCF79-DF1E-4020-BF88-DFFE282CF9A7}.Debug|Any CPU.ActiveCfg = Debug|Any CPU
		{FE8DCF79-DF1E-4020-BF88-DFFE282CF9A7}.Debug|Any CPU.Build.0 = Debug|Any CPU
		{FE8DCF79-DF1E-4020-BF88-DFFE282CF9A7}.Release|Any CPU.ActiveCfg = Release|Any CPU
		{FE8DCF79-DF1E-4020-BF88-DFFE282CF9A7}.Release|Any CPU.Build.0 = Release|Any CPU
	EndGlobalSection
	GlobalSection(SolutionProperties) = preSolution
		HideSolutionNode = FALSE
	EndGlobalSection
	GlobalSection(ExtensibilityGlobals) = postSolution
		SolutionGuid = {E446E5E6-3623-44DF-B4DB-E697F2E8919A}
	EndGlobalSection
EndGlobal
